{
  "name": "fesp02-nextlevel",
  "version": "0.1.0",
  "lockfileVersion": 3,
  "requires": true,
  "packages": {
    "": {
      "name": "fesp02-nextlevel",
      "version": "0.1.0",
      "dependencies": {
        "@tanstack/react-query": "^5.51.21",
        "@tanstack/react-query-devtools": "^5.51.21",
        "cron-parser": "^4.9.0",
        "jsonwebtoken": "^9.0.2",
        "moment": "^2.30.1",
        "next": "^14.2.27",
        "next-auth": "^5.0.0-beta.20",
        "react": "^18",
        "react-dom": "^18",
        "react-hook-form": "^7.52.1",
        "react-icons": "^5.2.1",
        "react-kakao-maps-sdk": "^1.1.27",
        "react-spinners": "^0.15.0",
        "react-toastify": "^10.0.5",
        "react-youtube": "^10.1.0",
        "sharp": "^0.33.4",
        "socket.io": "^4.7.5",
        "socket.io-client": "^4.7.5",
        "zustand": "^4.5.4"
      },
      "devDependencies": {
        "@types/jsonwebtoken": "^9.0.6",
        "@types/node": "^20",
        "@types/react": "^18",
        "@types/react-dom": "^18",
        "@types/youtube": "^0.0.50",
        "eslint": "^8",
        "eslint-config-next": "14.2.5",
        "postcss": "^8",
        "tailwindcss": "^3.4.1",
        "typescript": "^5"
      }
    },
    "../../../../../../../pnpm_root/node_modules/.pnpm/@tanstack+react-query-devtools@5.59.3_@tanstack+react-query@5.59.3_react@18.3.1__react@18.3.1/node_modules/@tanstack/react-query-devtools": {
      "version": "5.59.3",
      "license": "MIT",
      "dependencies": {
        "@tanstack/query-devtools": "5.58.0"
      },
      "devDependencies": {
        "@tanstack/react-query": "5.59.3",
        "@types/react": "npm:types-react@rc",
        "@vitejs/plugin-react": "^4.3.1",
        "react": "19.0.0-rc-4c2e457c7c-20240522"
      },
      "funding": {
        "type": "github",
        "url": "https://github.com/sponsors/tannerlinsley"
      },
      "peerDependencies": {
        "@tanstack/react-query": "^5.59.3",
        "react": "^18 || ^19"
      }
    },
    "../../../../../../../pnpm_root/node_modules/.pnpm/@tanstack+react-query@5.59.3_react@18.3.1/node_modules/@tanstack/react-query": {
      "version": "5.59.3",
      "license": "MIT",
      "dependencies": {
        "@tanstack/query-core": "5.59.0"
      },
      "devDependencies": {
        "@types/react": "npm:types-react@rc",
        "@types/react-dom": "npm:types-react-dom@rc",
        "@vitejs/plugin-react": "^4.3.1",
        "eslint-plugin-react-compiler": "0.0.0-experimental-f8a5409-20240829",
        "react": "19.0.0-rc-4c2e457c7c-20240522",
        "react-dom": "19.0.0-rc-4c2e457c7c-20240522",
        "react-error-boundary": "^4.0.13"
      },
      "funding": {
        "type": "github",
        "url": "https://github.com/sponsors/tannerlinsley"
      },
      "peerDependencies": {
        "react": "^18 || ^19"
      }
    },
    "../../../../../../../pnpm_root/node_modules/.pnpm/@types+jsonwebtoken@9.0.7/node_modules/@types/jsonwebtoken": {
      "version": "9.0.7",
      "dev": true,
      "license": "MIT",
      "dependencies": {
        "@types/node": "*"
      }
    },
    "../../../../../../../pnpm_root/node_modules/.pnpm/@types+node@20.14.11/node_modules/@types/node": {
      "version": "20.14.11",
      "dev": true,
      "license": "MIT",
      "dependencies": {
        "undici-types": "~5.26.4"
      }
    },
    "../../../../../../../pnpm_root/node_modules/.pnpm/@types+react-dom@18.3.0/node_modules/@types/react-dom": {
      "version": "18.3.0",
      "dev": true,
      "license": "MIT",
      "dependencies": {
        "@types/react": "*"
      }
    },
    "../../../../../../../pnpm_root/node_modules/.pnpm/@types+react@18.3.3/node_modules/@types/react": {
      "version": "18.3.3",
      "dev": true,
      "license": "MIT",
      "dependencies": {
        "@types/prop-types": "*",
        "csstype": "^3.0.2"
      }
    },
    "../../../../../../../pnpm_root/node_modules/.pnpm/@types+youtube@0.0.50/node_modules/@types/youtube": {
      "version": "0.0.50",
      "dev": true,
      "license": "MIT"
    },
    "../../../../../../../pnpm_root/node_modules/.pnpm/cron-parser@4.9.0/node_modules/cron-parser": {
      "version": "4.9.0",
      "license": "MIT",
      "dependencies": {
        "luxon": "^3.2.1"
      },
      "devDependencies": {
        "eslint": "^8.27.0",
        "sinon": "^15.0.1",
        "tap": "^16.3.3",
        "tsd": "^0.26.0"
      },
      "engines": {
        "node": ">=12.0.0"
      }
    },
    "../../../../../../../pnpm_root/node_modules/.pnpm/eslint-config-next@14.2.5_eslint@8.57.1_typescript@5.5.3/node_modules/eslint-config-next": {
      "version": "14.2.5",
      "dev": true,
      "license": "MIT",
      "dependencies": {
        "@next/eslint-plugin-next": "14.2.5",
        "@rushstack/eslint-patch": "^1.3.3",
        "@typescript-eslint/parser": "^5.4.2 || ^6.0.0 || 7.0.0 - 7.2.0",
        "eslint-import-resolver-node": "^0.3.6",
        "eslint-import-resolver-typescript": "^3.5.2",
        "eslint-plugin-import": "^2.28.1",
        "eslint-plugin-jsx-a11y": "^6.7.1",
        "eslint-plugin-react": "^7.33.2",
        "eslint-plugin-react-hooks": "^4.5.0 || 5.0.0-canary-7118f5dd7-20230705"
      },
      "peerDependencies": {
        "eslint": "^7.23.0 || ^8.0.0",
        "typescript": ">=3.3.1"
      },
      "peerDependenciesMeta": {
        "typescript": {
          "optional": true
        }
      }
    },
    "../../../../../../../pnpm_root/node_modules/.pnpm/eslint@8.57.1/node_modules/eslint": {
      "version": "8.57.1",
      "dev": true,
      "license": "MIT",
      "dependencies": {
        "@eslint-community/eslint-utils": "^4.2.0",
        "@eslint-community/regexpp": "^4.6.1",
        "@eslint/eslintrc": "^2.1.4",
        "@eslint/js": "8.57.1",
        "@humanwhocodes/config-array": "^0.13.0",
        "@humanwhocodes/module-importer": "^1.0.1",
        "@nodelib/fs.walk": "^1.2.8",
        "@ungap/structured-clone": "^1.2.0",
        "ajv": "^6.12.4",
        "chalk": "^4.0.0",
        "cross-spawn": "^7.0.2",
        "debug": "^4.3.2",
        "doctrine": "^3.0.0",
        "escape-string-regexp": "^4.0.0",
        "eslint-scope": "^7.2.2",
        "eslint-visitor-keys": "^3.4.3",
        "espree": "^9.6.1",
        "esquery": "^1.4.2",
        "esutils": "^2.0.2",
        "fast-deep-equal": "^3.1.3",
        "file-entry-cache": "^6.0.1",
        "find-up": "^5.0.0",
        "glob-parent": "^6.0.2",
        "globals": "^13.19.0",
        "graphemer": "^1.4.0",
        "ignore": "^5.2.0",
        "imurmurhash": "^0.1.4",
        "is-glob": "^4.0.0",
        "is-path-inside": "^3.0.3",
        "js-yaml": "^4.1.0",
        "json-stable-stringify-without-jsonify": "^1.0.1",
        "levn": "^0.4.1",
        "lodash.merge": "^4.6.2",
        "minimatch": "^3.1.2",
        "natural-compare": "^1.4.0",
        "optionator": "^0.9.3",
        "strip-ansi": "^6.0.1",
        "text-table": "^0.2.0"
      },
      "bin": {
        "eslint": "bin/eslint.js"
      },
      "devDependencies": {
        "@babel/core": "^7.4.3",
        "@babel/preset-env": "^7.4.3",
        "@sinonjs/fake-timers": "11.2.2",
        "@wdio/browser-runner": "^8.14.6",
        "@wdio/cli": "^8.14.6",
        "@wdio/concise-reporter": "^8.14.0",
        "@wdio/globals": "^8.14.6",
        "@wdio/mocha-framework": "^8.14.0",
        "babel-loader": "^8.0.5",
        "c8": "^7.12.0",
        "chai": "^4.0.1",
        "cheerio": "^0.22.0",
        "common-tags": "^1.8.0",
        "core-js": "^3.1.3",
        "ejs": "^3.0.2",
        "eslint": "file:.",
        "eslint-config-eslint": "file:packages/eslint-config-eslint",
        "eslint-plugin-eslint-comments": "^3.2.0",
        "eslint-plugin-eslint-plugin": "^5.2.1",
        "eslint-plugin-internal-rules": "file:tools/internal-rules",
        "eslint-plugin-jsdoc": "^46.2.5",
        "eslint-plugin-n": "^16.6.0",
        "eslint-plugin-unicorn": "^49.0.0",
        "eslint-release": "^3.3.0",
        "eslump": "^3.0.0",
        "esprima": "^4.0.1",
        "fast-glob": "^3.2.11",
        "fs-teardown": "^0.1.3",
        "glob": "^7.1.6",
        "got": "^11.8.3",
        "gray-matter": "^4.0.3",
        "lint-staged": "^11.0.0",
        "load-perf": "^0.2.0",
        "markdown-it": "^12.2.0",
        "markdown-it-container": "^3.0.0",
        "markdownlint": "^0.32.0",
        "markdownlint-cli": "^0.37.0",
        "marked": "^4.0.8",
        "memfs": "^3.0.1",
        "metascraper": "^5.25.7",
        "metascraper-description": "^5.25.7",
        "metascraper-image": "^5.29.3",
        "metascraper-logo": "^5.25.7",
        "metascraper-logo-favicon": "^5.25.7",
        "metascraper-title": "^5.25.7",
        "mocha": "^8.3.2",
        "mocha-junit-reporter": "^2.0.0",
        "node-polyfill-webpack-plugin": "^1.0.3",
        "npm-license": "^0.3.3",
        "pirates": "^4.0.5",
        "progress": "^2.0.3",
        "proxyquire": "^2.0.1",
        "recast": "^0.23.0",
        "regenerator-runtime": "^0.14.0",
        "rollup-plugin-node-polyfills": "^0.2.1",
        "semver": "^7.5.3",
        "shelljs": "^0.8.2",
        "sinon": "^11.0.0",
        "vite-plugin-commonjs": "0.10.1",
        "webdriverio": "^8.14.6",
        "webpack": "^5.23.0",
        "webpack-cli": "^4.5.0",
        "yorkie": "^2.0.0"
      },
      "engines": {
        "node": "^12.22.0 || ^14.17.0 || >=16.0.0"
      },
      "funding": {
        "url": "https://opencollective.com/eslint"
      }
    },
    "../../../../../../../pnpm_root/node_modules/.pnpm/jsonwebtoken@9.0.2/node_modules/jsonwebtoken": {
      "version": "9.0.2",
      "license": "MIT",
      "dependencies": {
        "jws": "^3.2.2",
        "lodash.includes": "^4.3.0",
        "lodash.isboolean": "^3.0.3",
        "lodash.isinteger": "^4.0.4",
        "lodash.isnumber": "^3.0.3",
        "lodash.isplainobject": "^4.0.6",
        "lodash.isstring": "^4.0.1",
        "lodash.once": "^4.0.0",
        "ms": "^2.1.1",
        "semver": "^7.5.4"
      },
      "devDependencies": {
        "atob": "^2.1.2",
        "chai": "^4.1.2",
        "conventional-changelog": "~1.1.0",
        "cost-of-modules": "^1.0.1",
        "eslint": "^4.19.1",
        "mocha": "^5.2.0",
        "nsp": "^2.6.2",
        "nyc": "^11.9.0",
        "sinon": "^6.0.0"
      },
      "engines": {
        "node": ">=12",
        "npm": ">=6"
      }
    },
    "../../../../../../../pnpm_root/node_modules/.pnpm/moment@2.30.1/node_modules/moment": {
      "version": "2.30.1",
      "license": "MIT",
      "devDependencies": {
        "@types/node": "17.0.21",
        "benchmark": "latest",
        "coveralls": "latest",
        "cross-env": "^6.0.3",
        "es6-promise": "latest",
        "eslint": "latest",
        "grunt": "latest",
        "grunt-benchmark": "latest",
        "grunt-cli": "latest",
        "grunt-contrib-clean": "latest",
        "grunt-contrib-concat": "latest",
        "grunt-contrib-copy": "latest",
        "grunt-contrib-uglify": "latest",
        "grunt-contrib-watch": "latest",
        "grunt-env": "latest",
        "grunt-exec": "latest",
        "grunt-karma": "latest",
        "grunt-nuget": "latest",
        "grunt-string-replace": "latest",
        "karma": "latest",
        "karma-chrome-launcher": "latest",
        "karma-firefox-launcher": "latest",
        "karma-qunit": "latest",
        "karma-sauce-launcher": "4.1.4",
        "load-grunt-tasks": "latest",
        "lodash": ">=4.17.19",
        "node-qunit": "latest",
        "nyc": "latest",
        "prettier": "latest",
        "qunit": "^2.10.0",
        "rollup": "2.17.1",
        "typescript": "^1.8.10",
        "typescript3": "npm:typescript@^3.1.6",
        "uglify-js": "latest"
      },
      "engines": {
        "node": "*"
      }
    },
    "../../../../../../../pnpm_root/node_modules/.pnpm/next-auth@5.0.0-beta.20_next@14.2.5_@babel+core@7.25.7_@opentelemetry+api@1.9.0_react-dom@18._rnjhr2uad5navdnwgkhzopefou/node_modules/next-auth": {
      "version": "5.0.0-beta.20",
      "license": "ISC",
      "dependencies": {
        "@auth/core": "0.34.2"
      },
      "devDependencies": {
        "@types/react": "18.0.37",
        "next": "14.2.3",
        "nodemailer": "^6.9.3",
        "react": "^18.2.0"
      },
      "peerDependencies": {
        "@simplewebauthn/browser": "^9.0.1",
        "@simplewebauthn/server": "^9.0.2",
        "next": "^14.0.0-0 || ^15.0.0-0",
        "nodemailer": "^6.6.5",
        "react": "^18.2.0 || ^19.0.0-0"
      },
      "peerDependenciesMeta": {
        "@simplewebauthn/browser": {
          "optional": true
        },
        "@simplewebauthn/server": {
          "optional": true
        },
        "nodemailer": {
          "optional": true
        }
      }
    },
    "../../../../../../../pnpm_root/node_modules/.pnpm/postcss@8.4.47/node_modules/postcss": {
      "version": "8.4.47",
      "dev": true,
      "funding": [
        {
          "type": "opencollective",
          "url": "https://opencollective.com/postcss/"
        },
        {
          "type": "tidelift",
          "url": "https://tidelift.com/funding/github/npm/postcss"
        },
        {
          "type": "github",
          "url": "https://github.com/sponsors/ai"
        }
      ],
      "license": "MIT",
      "dependencies": {
        "nanoid": "^3.3.7",
        "picocolors": "^1.1.0",
        "source-map-js": "^1.2.1"
      },
      "engines": {
        "node": "^10 || ^12 || >=14"
      }
    },
    "../../../../../../../pnpm_root/node_modules/.pnpm/react-dom@18.3.1_react@18.3.1/node_modules/react-dom": {
      "version": "18.3.1",
      "license": "MIT",
      "dependencies": {
        "loose-envify": "^1.1.0",
        "scheduler": "^0.23.2"
      },
      "peerDependencies": {
        "react": "^18.3.1"
      }
    },
    "../../../../../../../pnpm_root/node_modules/.pnpm/react-hook-form@7.53.0_react@18.3.1/node_modules/react-hook-form": {
      "version": "7.53.0",
      "license": "MIT",
      "devDependencies": {
        "@microsoft/api-extractor": "^7.47.0",
        "@rollup/plugin-commonjs": "^26.0.1",
        "@rollup/plugin-node-resolve": "^15.2.3",
        "@rollup/plugin-terser": "^0.4.4",
        "@swc/core": "^1.6.13",
        "@swc/jest": "^0.2.36",
        "@testing-library/jest-dom": "^6.4.6",
        "@testing-library/react": "^16.0.0",
        "@types/jest": "^29.5.12",
        "@types/react": "^18.3.3",
        "@types/react-dom": "^18.3.0",
        "@types/testing-library__jest-dom": "^5.14.9",
        "@typescript-eslint/eslint-plugin": "^7.15.0",
        "@typescript-eslint/parser": "^7.15.0",
        "bundlewatch": "^0.3.3",
        "cypress": "^13.13.0",
        "eslint": "^8.57.0",
        "eslint-config-prettier": "^9.1.0",
        "eslint-plugin-cypress": "^3.3.0",
        "eslint-plugin-prettier": "^5.1.3",
        "eslint-plugin-react": "^7.34.3",
        "eslint-plugin-react-hooks": "^4.6.2",
        "eslint-plugin-simple-import-sort": "^12.1.1",
        "husky": "^9.0.11",
        "jest": "^29.7.0",
        "jest-environment-jsdom": "^29.7.0",
        "jest-preview": "^0.3.1",
        "lint-staged": "^15.2.7",
        "msw": "^2.3.1",
        "prettier": "3.3.2",
        "react": "^18.3.1",
        "react-dom": "^18.3.1",
        "react-test-renderer": "^18.3.1",
        "rimraf": "^5.0.8",
        "rollup": "^4.18.0",
        "rollup-plugin-typescript2": "^0.36.0",
        "tsd": "^0.31.1",
        "typescript": "^5.5.3",
        "whatwg-fetch": "^3.6.20"
      },
      "engines": {
        "node": ">=18.0.0"
      },
      "funding": {
        "type": "opencollective",
        "url": "https://opencollective.com/react-hook-form"
      },
      "peerDependencies": {
        "react": "^16.8.0 || ^17 || ^18 || ^19"
      }
    },
    "../../../../../../../pnpm_root/node_modules/.pnpm/react-icons@5.3.0_react@18.3.1/node_modules/react-icons": {
      "version": "5.3.0",
      "license": "MIT",
      "peerDependencies": {
        "react": "*"
      }
    },
    "../../../../../../../pnpm_root/node_modules/.pnpm/react-kakao-maps-sdk@1.1.27_react-dom@18.3.1_react@18.3.1__react@18.3.1/node_modules/react-kakao-maps-sdk": {
      "version": "1.1.27",
      "license": "MIT",
      "dependencies": {
        "@babel/runtime": "^7.22.15",
        "kakao.maps.d.ts": "^0.1.39"
      },
      "devDependencies": {
        "@configs/babel": "1.0.0",
        "@configs/eslint-config": "^1.0.0",
        "@configs/rollup": "1.0.0",
        "@playwright/test": "^1.37.1",
        "@types/node": "^20.13.0",
        "@types/react": "^18.3.3",
        "@types/react-dom": "^18.3.0",
        "eslint": "^8.48.0",
        "react": "^18.3.1",
        "react-dom": "^18.3.1",
        "rimraf": "^5.0.1",
        "rollup": "^3.29.0",
        "typescript": "^5.2.2"
      },
      "peerDependencies": {
        "react": "^16.8 || ^17 || ^18",
        "react-dom": "^16.8 || ^17 || ^18"
      }
    },
    "../../../../../../../pnpm_root/node_modules/.pnpm/react-toastify@10.0.5_react-dom@18.3.1_react@18.3.1__react@18.3.1/node_modules/react-toastify": {
      "version": "10.0.5",
      "license": "MIT",
      "dependencies": {
        "clsx": "^2.1.0"
      },
      "devDependencies": {
        "@4tw/cypress-drag-drop": "^2.2.4",
        "@cypress/code-coverage": "^3.12.18",
        "@istanbuljs/nyc-config-typescript": "^1.0.2",
        "@testing-library/cypress": "^10.0.1",
        "@types/react": "^18.2.47",
        "@types/react-dom": "^18.2.18",
        "@typescript-eslint/eslint-plugin": "^6.18.1",
        "@typescript-eslint/parser": "^6.18.1",
        "@vitejs/plugin-react": "^4.2.1",
        "coveralls": "^3.0.9",
        "cssnano": "^6.0.3",
        "cssnano-cli": "^1.0.5",
        "cypress": "^13.6.2",
        "eslint": "^8.56.0",
        "eslint-plugin-import": "^2.29.1",
        "eslint-plugin-jsx-a11y": "^6.8.0",
        "eslint-plugin-react": "^7.32.2",
        "eslint-plugin-react-hooks": "^4.4.0",
        "husky": "^8.0.3",
        "microbundle": "^0.15.1",
        "postcss": "^8.4.33",
        "postcss-cli": "^11.0.0",
        "prettier": "3.2.2",
        "react": "^18.0.0",
        "react-dom": "^18.0.0",
        "rimraf": "^5.0.0",
        "sass": "^1.69.7",
        "style2js": "^1.0.3",
        "ts-jest": "^29.1.0",
        "tslib": "^2.5.0",
        "typescript": "^5.3.3",
        "vite": "^5.0.11",
        "vite-plugin-istanbul": "^5.0.0"
      },
      "peerDependencies": {
        "react": ">=18",
        "react-dom": ">=18"
      }
    },
    "../../../../../../../pnpm_root/node_modules/.pnpm/react-youtube@10.1.0_react@18.3.1/node_modules/react-youtube": {
      "version": "10.1.0",
      "license": "MIT",
      "dependencies": {
        "fast-deep-equal": "3.1.3",
        "prop-types": "15.8.1",
        "youtube-player": "5.5.2"
      },
      "devDependencies": {
        "@testing-library/jest-dom": "5.16.5",
        "@testing-library/react": "13.4.0",
        "@types/jest": "29.0.0",
        "@types/react": "18.0.18",
        "@types/react-dom": "18.0.6",
        "@types/youtube-player": "5.5.6",
        "jest": "29.0.2",
        "jest-environment-jsdom": "29.0.2",
        "react": "18.2.0",
        "react-dom": "18.2.0",
        "semantic-release": "19.0.5",
        "semantic-release-monorepo": "7.0.5",
        "ts-jest": "29.0.0",
        "tsup": "6.5.0"
      },
      "engines": {
        "node": ">= 14.x"
      },
      "peerDependencies": {
        "react": ">=0.14.1"
      }
    },
    "../../../../../../../pnpm_root/node_modules/.pnpm/react@18.3.1/node_modules/react": {
      "version": "18.3.1",
      "license": "MIT",
      "dependencies": {
        "loose-envify": "^1.1.0"
      },
      "engines": {
        "node": ">=0.10.0"
      }
    },
    "../../../../../../../pnpm_root/node_modules/.pnpm/sharp@0.33.5/node_modules/sharp": {
      "version": "0.33.5",
      "hasInstallScript": true,
      "license": "Apache-2.0",
      "dependencies": {
        "color": "^4.2.3",
        "detect-libc": "^2.0.3",
        "semver": "^7.6.3"
      },
      "devDependencies": {
        "@emnapi/runtime": "^1.2.0",
        "@img/sharp-libvips-dev": "1.0.4",
        "@img/sharp-libvips-dev-wasm32": "1.0.5",
        "@img/sharp-libvips-win32-ia32": "1.0.4",
        "@img/sharp-libvips-win32-x64": "1.0.4",
        "@types/node": "*",
        "async": "^3.2.5",
        "cc": "^3.0.1",
        "emnapi": "^1.2.0",
        "exif-reader": "^2.0.1",
        "extract-zip": "^2.0.1",
        "icc": "^3.0.0",
        "jsdoc-to-markdown": "^8.0.3",
        "license-checker": "^25.0.1",
        "mocha": "^10.7.3",
        "node-addon-api": "^8.1.0",
        "nyc": "^17.0.0",
        "prebuild": "^13.0.1",
        "semistandard": "^17.0.0",
        "tar-fs": "^3.0.6",
        "tsd": "^0.31.1"
      },
      "engines": {
        "node": "^18.17.0 || ^20.3.0 || >=21.0.0"
      },
      "funding": {
        "url": "https://opencollective.com/libvips"
      },
      "optionalDependencies": {
        "@img/sharp-darwin-arm64": "0.33.5",
        "@img/sharp-darwin-x64": "0.33.5",
        "@img/sharp-libvips-darwin-arm64": "1.0.4",
        "@img/sharp-libvips-darwin-x64": "1.0.4",
        "@img/sharp-libvips-linux-arm": "1.0.5",
        "@img/sharp-libvips-linux-arm64": "1.0.4",
        "@img/sharp-libvips-linux-s390x": "1.0.4",
        "@img/sharp-libvips-linux-x64": "1.0.4",
        "@img/sharp-libvips-linuxmusl-arm64": "1.0.4",
        "@img/sharp-libvips-linuxmusl-x64": "1.0.4",
        "@img/sharp-linux-arm": "0.33.5",
        "@img/sharp-linux-arm64": "0.33.5",
        "@img/sharp-linux-s390x": "0.33.5",
        "@img/sharp-linux-x64": "0.33.5",
        "@img/sharp-linuxmusl-arm64": "0.33.5",
        "@img/sharp-linuxmusl-x64": "0.33.5",
        "@img/sharp-wasm32": "0.33.5",
        "@img/sharp-win32-ia32": "0.33.5",
        "@img/sharp-win32-x64": "0.33.5"
      }
    },
    "../../../../../../../pnpm_root/node_modules/.pnpm/socket.io-client@4.8.0_bufferutil@4.0.8_utf-8-validate@6.0.3/node_modules/socket.io-client": {
      "version": "4.8.0",
      "license": "MIT",
      "dependencies": {
        "@socket.io/component-emitter": "~3.1.0",
        "debug": "~4.3.2",
        "engine.io-client": "~6.6.1",
        "socket.io-parser": "~4.2.4"
      },
      "engines": {
        "node": ">=10.0.0"
      }
    },
    "../../../../../../../pnpm_root/node_modules/.pnpm/socket.io@4.8.0_bufferutil@4.0.8_utf-8-validate@6.0.3/node_modules/socket.io": {
      "version": "4.8.0",
      "license": "MIT",
      "dependencies": {
        "accepts": "~1.3.4",
        "base64id": "~2.0.0",
        "cors": "~2.8.5",
        "debug": "~4.3.2",
        "engine.io": "~6.6.0",
        "socket.io-adapter": "~2.5.2",
        "socket.io-parser": "~4.2.4"
      },
      "engines": {
        "node": ">=10.2.0"
      }
    },
    "../../../../../../../pnpm_root/node_modules/.pnpm/tailwindcss@3.4.13_ts-node@10.9.2_@types+node@20.14.11_typescript@5.5.3_/node_modules/tailwindcss": {
      "version": "3.4.13",
      "dev": true,
      "license": "MIT",
      "dependencies": {
        "@alloc/quick-lru": "^5.2.0",
        "arg": "^5.0.2",
        "chokidar": "^3.5.3",
        "didyoumean": "^1.2.2",
        "dlv": "^1.1.3",
        "fast-glob": "^3.3.0",
        "glob-parent": "^6.0.2",
        "is-glob": "^4.0.3",
        "jiti": "^1.21.0",
        "lilconfig": "^2.1.0",
        "micromatch": "^4.0.5",
        "normalize-path": "^3.0.0",
        "object-hash": "^3.0.0",
        "picocolors": "^1.0.0",
        "postcss": "^8.4.23",
        "postcss-import": "^15.1.0",
        "postcss-js": "^4.0.1",
        "postcss-load-config": "^4.0.1",
        "postcss-nested": "^6.0.1",
        "postcss-selector-parser": "^6.0.11",
        "resolve": "^1.22.2",
        "sucrase": "^3.32.0"
      },
      "bin": {
        "tailwind": "lib/cli.js",
        "tailwindcss": "lib/cli.js"
      },
      "devDependencies": {
        "@swc/cli": "^0.1.62",
        "@swc/core": "^1.3.55",
        "@swc/jest": "^0.2.26",
        "@swc/register": "^0.1.10",
        "autoprefixer": "^10.4.14",
        "browserslist": "^4.21.5",
        "concurrently": "^8.0.1",
        "cssnano": "^6.1.2",
        "esbuild": "^0.20.2",
        "eslint": "^8.39.0",
        "eslint-config-prettier": "^8.8.0",
        "eslint-plugin-prettier": "^4.2.1",
        "jest": "^29.6.0",
        "jest-diff": "^29.6.0",
        "lightningcss": "1.24.1",
        "prettier": "^2.8.8",
        "rimraf": "^5.0.0",
        "source-map-js": "^1.0.2",
        "turbo": "^1.9.3"
      },
      "engines": {
        "node": ">=14.0.0"
      }
    },
    "../../../../../../../pnpm_root/node_modules/.pnpm/typescript@5.5.3/node_modules/typescript": {
      "version": "5.5.3",
      "dev": true,
      "license": "Apache-2.0",
      "bin": {
        "tsc": "bin/tsc",
        "tsserver": "bin/tsserver"
      },
      "devDependencies": {
        "@dprint/formatter": "^0.3.0",
        "@dprint/typescript": "0.91.0",
        "@esfx/canceltoken": "^1.0.0",
        "@octokit/rest": "^20.1.1",
        "@types/chai": "^4.3.16",
        "@types/microsoft__typescript-etw": "^0.1.3",
        "@types/minimist": "^1.2.5",
        "@types/mocha": "^10.0.6",
        "@types/ms": "^0.7.34",
        "@types/node": "latest",
        "@types/source-map-support": "^0.5.10",
        "@types/which": "^3.0.3",
        "@typescript-eslint/eslint-plugin": "^7.11.0",
        "@typescript-eslint/parser": "^7.11.0",
        "@typescript-eslint/utils": "^7.11.0",
        "azure-devops-node-api": "^13.0.0",
        "c8": "^9.1.0",
        "chai": "^4.4.1",
        "chalk": "^4.1.2",
        "chokidar": "^3.6.0",
        "diff": "^5.2.0",
        "dprint": "^0.46.1",
        "esbuild": "^0.21.4",
        "eslint": "^8.57.0",
        "eslint-formatter-autolinkable-stylish": "^1.3.0",
        "eslint-plugin-local": "^4.2.2",
        "fast-xml-parser": "^4.4.0",
        "glob": "^10.4.1",
        "hereby": "^1.8.9",
        "jsonc-parser": "^3.2.1",
        "minimist": "^1.2.8",
        "mocha": "^10.4.0",
        "mocha-fivemat-progress-reporter": "^0.1.0",
        "ms": "^2.1.3",
        "node-fetch": "^3.3.2",
        "playwright": "^1.44.1",
        "source-map-support": "^0.5.21",
        "tslib": "^2.6.2",
        "typescript": "^5.4.5",
        "which": "^3.0.1"
      },
      "engines": {
        "node": ">=14.17"
      }
    },
    "../../../../../../../pnpm_root/node_modules/.pnpm/zustand@4.5.5_@types+react@18.3.3_immer@10.1.1_react@18.3.1/node_modules/zustand": {
      "version": "4.5.5",
      "license": "MIT",
      "dependencies": {
        "use-sync-external-store": "1.2.2"
      },
      "engines": {
        "node": ">=12.7.0"
      },
      "peerDependencies": {
        "@types/react": ">=16.8",
        "immer": ">=9.0.6",
        "react": ">=16.8"
      },
      "peerDependenciesMeta": {
        "@types/react": {
          "optional": true
        },
        "immer": {
          "optional": true
        },
        "react": {
          "optional": true
        }
      }
    },
    "node_modules/@next/env": {
      "version": "14.2.27",
      "resolved": "https://registry.npmjs.org/@next/env/-/env-14.2.27.tgz",
      "integrity": "sha512-VLGHu7aBMK0rmSEPjx6qb4njGYfEfN5HpeYV32II1dNZZvPxqa+RfWVgPf4q6hmicavceAGeQneTxofx7Zm/yw==",
      "license": "MIT"
    },
    "node_modules/@next/swc-darwin-arm64": {
      "version": "14.2.27",
      "resolved": "https://registry.npmjs.org/@next/swc-darwin-arm64/-/swc-darwin-arm64-14.2.27.tgz",
      "integrity": "sha512-WKJsKqY1f8NkwcfVbUtoTjJ5e8Q2kEFhjM7tVFA3jqesetBR2EegUTed1Ov7lZebQ7XRrphAg665egiCLc9+Iw==",
      "cpu": [
        "arm64"
      ],
      "license": "MIT",
      "optional": true,
      "os": [
        "darwin"
      ],
      "engines": {
        "node": ">= 10"
      }
    },
    "node_modules/@next/swc-darwin-x64": {
      "version": "14.2.27",
      "resolved": "https://registry.npmjs.org/@next/swc-darwin-x64/-/swc-darwin-x64-14.2.27.tgz",
      "integrity": "sha512-fsXAM07rt7FQ/dpPFk+YZ8LVQ48xP37KzPFAwdQFmVzNLgizdUyNSg9zwu7l0ziMtHFBofYgBXayg9qAxIhorQ==",
      "cpu": [
        "x64"
      ],
      "license": "MIT",
      "optional": true,
      "os": [
        "darwin"
      ],
      "engines": {
        "node": ">= 10"
      }
    },
    "node_modules/@next/swc-linux-arm64-gnu": {
      "version": "14.2.27",
      "resolved": "https://registry.npmjs.org/@next/swc-linux-arm64-gnu/-/swc-linux-arm64-gnu-14.2.27.tgz",
      "integrity": "sha512-yMIvV5nTOk4p0TDhd9DU6QswEm8YjZnr1o9ZI7A6jh25JHvPsIvjgyTVSlnrGFKlNNtOOJCIv5mwVU7+4VZvsg==",
      "cpu": [
        "arm64"
      ],
      "license": "MIT",
      "optional": true,
      "os": [
        "linux"
      ],
      "engines": {
        "node": ">= 10"
      }
    },
    "node_modules/@next/swc-linux-arm64-musl": {
      "version": "14.2.27",
      "resolved": "https://registry.npmjs.org/@next/swc-linux-arm64-musl/-/swc-linux-arm64-musl-14.2.27.tgz",
      "integrity": "sha512-gpOtTwE9GUkp+VNPwTYFn1fN1UINQTulbgO8UJzBgi77g/+T+yQxfBsKUy2H96aKjoMT/AYfn3yyomNXXVoZZg==",
      "cpu": [
        "arm64"
      ],
      "license": "MIT",
      "optional": true,
      "os": [
        "linux"
      ],
      "engines": {
        "node": ">= 10"
      }
    },
    "node_modules/@next/swc-linux-x64-gnu": {
      "version": "14.2.27",
      "resolved": "https://registry.npmjs.org/@next/swc-linux-x64-gnu/-/swc-linux-x64-gnu-14.2.27.tgz",
      "integrity": "sha512-b7bogYfYyutEhyDST5qpBkmVENZz1mVOO2632KerJjwWgr2cdycAPU33VmpTVvTs/fT8+oeoUuZ31aQV6cUhpw==",
      "cpu": [
        "x64"
      ],
      "license": "MIT",
      "optional": true,
      "os": [
        "linux"
      ],
      "engines": {
        "node": ">= 10"
      }
    },
    "node_modules/@next/swc-linux-x64-musl": {
      "version": "14.2.27",
      "resolved": "https://registry.npmjs.org/@next/swc-linux-x64-musl/-/swc-linux-x64-musl-14.2.27.tgz",
      "integrity": "sha512-yGZX038wBDSRJ7tbZ6OFZtCUvLXZDVpw9rEgNUK/0PL++65hENaiMXhxJtupeCFqzHdMuJwrCnEW29saF4NmEw==",
      "cpu": [
        "x64"
      ],
      "license": "MIT",
      "optional": true,
      "os": [
        "linux"
      ],
      "engines": {
        "node": ">= 10"
      }
    },
    "node_modules/@next/swc-win32-arm64-msvc": {
      "version": "14.2.27",
      "resolved": "https://registry.npmjs.org/@next/swc-win32-arm64-msvc/-/swc-win32-arm64-msvc-14.2.27.tgz",
      "integrity": "sha512-yRY9RzPpk+Jex4DthdKja8C3evh6jB+22AeVd6yTbcnGAFGXQWJTs6DfEcEfeFpqIEcIGbWYq7pinz6vRv7tJA==",
      "cpu": [
        "arm64"
      ],
      "license": "MIT",
      "optional": true,
      "os": [
        "win32"
      ],
      "engines": {
        "node": ">= 10"
      }
    },
    "node_modules/@next/swc-win32-ia32-msvc": {
      "version": "14.2.27",
      "resolved": "https://registry.npmjs.org/@next/swc-win32-ia32-msvc/-/swc-win32-ia32-msvc-14.2.27.tgz",
      "integrity": "sha512-VSqDGpoKoUgkE2Ba4/89ZchktDOwPhKy3HgQgTf3gOhK/ZEibujLJN4qzp3rSIadn4cXUID3PmuEEM6uRPA7nQ==",
      "cpu": [
        "ia32"
      ],
      "license": "MIT",
      "optional": true,
      "os": [
        "win32"
      ],
      "engines": {
        "node": ">= 10"
      }
    },
    "node_modules/@next/swc-win32-x64-msvc": {
      "version": "14.2.27",
      "resolved": "https://registry.npmjs.org/@next/swc-win32-x64-msvc/-/swc-win32-x64-msvc-14.2.27.tgz",
      "integrity": "sha512-bK46G4uS5SVlq88FnxyupRuuaCfHPtB/7heBRAZCiHD9GdVktadjiQPCzlXWTKgv6pJxP8bE7J9GGDwodtn9Mw==",
      "cpu": [
        "x64"
      ],
      "license": "MIT",
      "optional": true,
      "os": [
        "win32"
      ],
      "engines": {
        "node": ">= 10"
      }
    },
    "node_modules/@swc/counter": {
      "version": "0.1.3",
      "resolved": "https://registry.npmjs.org/@swc/counter/-/counter-0.1.3.tgz",
      "integrity": "sha512-e2BR4lsJkkRlKZ/qCHPw9ZaSxc0MVUd7gtbtaB7aMvHeJVYe8sOB8DBZkP2DtISHGSku9sCK6T6cnY0CtXrOCQ==",
      "license": "Apache-2.0"
    },
    "node_modules/@swc/helpers": {
      "version": "0.5.5",
      "resolved": "https://registry.npmjs.org/@swc/helpers/-/helpers-0.5.5.tgz",
      "integrity": "sha512-KGYxvIOXcceOAbEk4bi/dVLEK9z8sZ0uBB3Il5b1rhfClSpcX0yfRO0KmTkqR2cnQDymwLB+25ZyMzICg/cm/A==",
      "license": "Apache-2.0",
      "dependencies": {
        "@swc/counter": "^0.1.3",
        "tslib": "^2.4.0"
      }
    },
    "node_modules/@tanstack/react-query": {
      "resolved": "../../../../../../../pnpm_root/node_modules/.pnpm/@tanstack+react-query@5.59.3_react@18.3.1/node_modules/@tanstack/react-query",
      "link": true
    },
    "node_modules/@tanstack/react-query-devtools": {
      "resolved": "../../../../../../../pnpm_root/node_modules/.pnpm/@tanstack+react-query-devtools@5.59.3_@tanstack+react-query@5.59.3_react@18.3.1__react@18.3.1/node_modules/@tanstack/react-query-devtools",
      "link": true
    },
    "node_modules/@types/jsonwebtoken": {
      "resolved": "../../../../../../../pnpm_root/node_modules/.pnpm/@types+jsonwebtoken@9.0.7/node_modules/@types/jsonwebtoken",
      "link": true
    },
    "node_modules/@types/node": {
      "resolved": "../../../../../../../pnpm_root/node_modules/.pnpm/@types+node@20.14.11/node_modules/@types/node",
      "link": true
    },
    "node_modules/@types/react": {
      "resolved": "../../../../../../../pnpm_root/node_modules/.pnpm/@types+react@18.3.3/node_modules/@types/react",
      "link": true
    },
    "node_modules/@types/react-dom": {
      "resolved": "../../../../../../../pnpm_root/node_modules/.pnpm/@types+react-dom@18.3.0/node_modules/@types/react-dom",
      "link": true
    },
    "node_modules/@types/youtube": {
      "resolved": "../../../../../../../pnpm_root/node_modules/.pnpm/@types+youtube@0.0.50/node_modules/@types/youtube",
      "link": true
    },
    "node_modules/busboy": {
      "version": "1.6.0",
      "resolved": "https://registry.npmjs.org/busboy/-/busboy-1.6.0.tgz",
      "integrity": "sha512-8SFQbg/0hQ9xy3UNTB0YEnsNBbWfhf7RtnzpL7TkBiTBRfrQ9Fxcnz7VJsleJpyp6rVLvXiuORqjlHi5q+PYuA==",
      "dependencies": {
        "streamsearch": "^1.1.0"
      },
      "engines": {
        "node": ">=10.16.0"
      }
    },
    "node_modules/caniuse-lite": {
      "version": "1.0.30001712",
      "resolved": "https://registry.npmjs.org/caniuse-lite/-/caniuse-lite-1.0.30001712.tgz",
      "integrity": "sha512-MBqPpGYYdQ7/hfKiet9SCI+nmN5/hp4ZzveOJubl5DTAMa5oggjAuoi0Z4onBpKPFI2ePGnQuQIzF3VxDjDJig==",
      "funding": [
        {
          "type": "opencollective",
          "url": "https://opencollective.com/browserslist"
        },
        {
          "type": "tidelift",
          "url": "https://tidelift.com/funding/github/npm/caniuse-lite"
        },
        {
          "type": "github",
          "url": "https://github.com/sponsors/ai"
        }
      ],
      "license": "CC-BY-4.0"
    },
    "node_modules/client-only": {
      "version": "0.0.1",
      "resolved": "https://registry.npmjs.org/client-only/-/client-only-0.0.1.tgz",
      "integrity": "sha512-IV3Ou0jSMzZrd3pZ48nLkT9DA7Ag1pnPzaiQhpW7c3RbcqqzvzzVu+L8gfqMp/8IM2MQtSiqaCxrrcfu8I8rMA==",
      "license": "MIT"
    },
    "node_modules/cron-parser": {
      "resolved": "../../../../../../../pnpm_root/node_modules/.pnpm/cron-parser@4.9.0/node_modules/cron-parser",
      "link": true
    },
    "node_modules/eslint": {
      "resolved": "../../../../../../../pnpm_root/node_modules/.pnpm/eslint@8.57.1/node_modules/eslint",
      "link": true
    },
    "node_modules/eslint-config-next": {
      "resolved": "../../../../../../../pnpm_root/node_modules/.pnpm/eslint-config-next@14.2.5_eslint@8.57.1_typescript@5.5.3/node_modules/eslint-config-next",
      "link": true
    },
    "node_modules/graceful-fs": {
      "version": "4.2.11",
      "resolved": "https://registry.npmjs.org/graceful-fs/-/graceful-fs-4.2.11.tgz",
      "integrity": "sha512-RbJ5/jmFcNNCcDV5o9eTnBLJ/HszWV0P73bc+Ff4nS/rJj+YaS6IGyiOL0VoBYX+l1Wrl3k63h/KrH+nhJ0XvQ==",
      "license": "ISC"
    },
    "node_modules/jsonwebtoken": {
      "resolved": "../../../../../../../pnpm_root/node_modules/.pnpm/jsonwebtoken@9.0.2/node_modules/jsonwebtoken",
      "link": true
    },
    "node_modules/moment": {
      "resolved": "../../../../../../../pnpm_root/node_modules/.pnpm/moment@2.30.1/node_modules/moment",
      "link": true
    },
    "node_modules/nanoid": {
      "version": "3.3.11",
      "resolved": "https://registry.npmjs.org/nanoid/-/nanoid-3.3.11.tgz",
      "integrity": "sha512-N8SpfPUnUp1bK+PMYW8qSWdl9U+wwNWI4QKxOYDy9JAro3WMX7p2OeVRF9v+347pnakNevPmiHhNmZ2HbFA76w==",
      "funding": [
        {
          "type": "github",
          "url": "https://github.com/sponsors/ai"
        }
      ],
      "license": "MIT",
      "bin": {
        "nanoid": "bin/nanoid.cjs"
      },
      "engines": {
        "node": "^10 || ^12 || ^13.7 || ^14 || >=15.0.1"
      }
    },
    "node_modules/next": {
      "version": "14.2.27",
      "resolved": "https://registry.npmjs.org/next/-/next-14.2.27.tgz",
      "integrity": "sha512-xmTsnu6rbXVaupRmU2k3BHVpQp7kK+/Ge9XYZlwXQNS2IPP/U9ToDoO6tTSzZIV36fmDBnwKqBUd7KuFXTi0Mw==",
      "license": "MIT",
      "dependencies": {
        "@next/env": "14.2.27",
        "@swc/helpers": "0.5.5",
        "busboy": "1.6.0",
        "caniuse-lite": "^1.0.30001579",
        "graceful-fs": "^4.2.11",
        "postcss": "8.4.31",
        "styled-jsx": "5.1.1"
      },
      "bin": {
        "next": "dist/bin/next"
      },
      "engines": {
        "node": ">=18.17.0"
      },
      "optionalDependencies": {
        "@next/swc-darwin-arm64": "14.2.27",
        "@next/swc-darwin-x64": "14.2.27",
        "@next/swc-linux-arm64-gnu": "14.2.27",
        "@next/swc-linux-arm64-musl": "14.2.27",
        "@next/swc-linux-x64-gnu": "14.2.27",
        "@next/swc-linux-x64-musl": "14.2.27",
        "@next/swc-win32-arm64-msvc": "14.2.27",
        "@next/swc-win32-ia32-msvc": "14.2.27",
        "@next/swc-win32-x64-msvc": "14.2.27"
      },
      "peerDependencies": {
        "@opentelemetry/api": "^1.1.0",
        "@playwright/test": "^1.41.2",
        "react": "^18.2.0",
        "react-dom": "^18.2.0",
        "sass": "^1.3.0"
      },
      "peerDependenciesMeta": {
        "@opentelemetry/api": {
          "optional": true
        },
        "@playwright/test": {
          "optional": true
        },
        "sass": {
          "optional": true
        }
      }
    },
    "node_modules/next-auth": {
      "resolved": "../../../../../../../pnpm_root/node_modules/.pnpm/next-auth@5.0.0-beta.20_next@14.2.5_@babel+core@7.25.7_@opentelemetry+api@1.9.0_react-dom@18._rnjhr2uad5navdnwgkhzopefou/node_modules/next-auth",
      "link": true
    },
    "node_modules/next/node_modules/postcss": {
      "version": "8.4.31",
      "resolved": "https://registry.npmjs.org/postcss/-/postcss-8.4.31.tgz",
      "integrity": "sha512-PS08Iboia9mts/2ygV3eLpY5ghnUcfLV/EXTOW1E2qYxJKGGBUtNjN76FYHnMs36RmARn41bC0AZmn+rR0OVpQ==",
      "funding": [
        {
          "type": "opencollective",
          "url": "https://opencollective.com/postcss/"
        },
        {
          "type": "tidelift",
          "url": "https://tidelift.com/funding/github/npm/postcss"
        },
        {
          "type": "github",
          "url": "https://github.com/sponsors/ai"
        }
      ],
      "license": "MIT",
      "dependencies": {
        "nanoid": "^3.3.6",
        "picocolors": "^1.0.0",
        "source-map-js": "^1.0.2"
      },
      "engines": {
        "node": "^10 || ^12 || >=14"
      }
    },
    "node_modules/picocolors": {
      "version": "1.1.1",
      "resolved": "https://registry.npmjs.org/picocolors/-/picocolors-1.1.1.tgz",
      "integrity": "sha512-xceH2snhtb5M9liqDsmEw56le376mTZkEX/jEb/RxNFyegNul7eNslCXP9FDj/Lcu0X8KEyMceP2ntpaHrDEVA==",
      "license": "ISC"
    },
    "node_modules/postcss": {
      "resolved": "../../../../../../../pnpm_root/node_modules/.pnpm/postcss@8.4.47/node_modules/postcss",
      "link": true
    },
    "node_modules/react": {
      "resolved": "../../../../../../../pnpm_root/node_modules/.pnpm/react@18.3.1/node_modules/react",
      "link": true
    },
    "node_modules/react-dom": {
      "resolved": "../../../../../../../pnpm_root/node_modules/.pnpm/react-dom@18.3.1_react@18.3.1/node_modules/react-dom",
      "link": true
    },
    "node_modules/react-hook-form": {
      "resolved": "../../../../../../../pnpm_root/node_modules/.pnpm/react-hook-form@7.53.0_react@18.3.1/node_modules/react-hook-form",
      "link": true
    },
    "node_modules/react-icons": {
      "resolved": "../../../../../../../pnpm_root/node_modules/.pnpm/react-icons@5.3.0_react@18.3.1/node_modules/react-icons",
      "link": true
    },
    "node_modules/react-kakao-maps-sdk": {
      "resolved": "../../../../../../../pnpm_root/node_modules/.pnpm/react-kakao-maps-sdk@1.1.27_react-dom@18.3.1_react@18.3.1__react@18.3.1/node_modules/react-kakao-maps-sdk",
      "link": true
    },
    "node_modules/react-spinners": {
      "version": "0.15.0",
      "resolved": "https://registry.npmjs.org/react-spinners/-/react-spinners-0.15.0.tgz",
      "integrity": "sha512-ZO3/fNB9Qc+kgpG3SfdlMnvTX6LtLmTnOogb3W6sXIaU/kZ1ydEViPfZ06kSOaEsor58C/tzXw2wROGQu3X2pA==",
      "license": "MIT",
      "peerDependencies": {
        "react": "^16.0.0 || ^17.0.0 || ^18.0.0 || ^19.0.0",
        "react-dom": "^16.0.0 || ^17.0.0 || ^18.0.0 || ^19.0.0"
      }
    },
    "node_modules/react-toastify": {
      "resolved": "../../../../../../../pnpm_root/node_modules/.pnpm/react-toastify@10.0.5_react-dom@18.3.1_react@18.3.1__react@18.3.1/node_modules/react-toastify",
      "link": true
    },
    "node_modules/react-youtube": {
      "resolved": "../../../../../../../pnpm_root/node_modules/.pnpm/react-youtube@10.1.0_react@18.3.1/node_modules/react-youtube",
      "link": true
    },
    "node_modules/sharp": {
      "resolved": "../../../../../../../pnpm_root/node_modules/.pnpm/sharp@0.33.5/node_modules/sharp",
      "link": true
    },
    "node_modules/socket.io": {
      "resolved": "../../../../../../../pnpm_root/node_modules/.pnpm/socket.io@4.8.0_bufferutil@4.0.8_utf-8-validate@6.0.3/node_modules/socket.io",
      "link": true
    },
    "node_modules/socket.io-client": {
      "resolved": "../../../../../../../pnpm_root/node_modules/.pnpm/socket.io-client@4.8.0_bufferutil@4.0.8_utf-8-validate@6.0.3/node_modules/socket.io-client",
      "link": true
    },
    "node_modules/source-map-js": {
      "version": "1.2.1",
      "resolved": "https://registry.npmjs.org/source-map-js/-/source-map-js-1.2.1.tgz",
      "integrity": "sha512-UXWMKhLOwVKb728IUtQPXxfYU+usdybtUrK/8uGE8CQMvrhOpwvzDBwj0QhSL7MQc7vIsISBG8VQ8+IDQxpfQA==",
      "license": "BSD-3-Clause",
      "engines": {
        "node": ">=0.10.0"
      }
    },
    "node_modules/streamsearch": {
      "version": "1.1.0",
      "resolved": "https://registry.npmjs.org/streamsearch/-/streamsearch-1.1.0.tgz",
      "integrity": "sha512-Mcc5wHehp9aXz1ax6bZUyY5afg9u2rv5cqQI3mRrYkGC8rW2hM02jWuwjtL++LS5qinSyhj2QfLyNsuc+VsExg==",
      "engines": {
        "node": ">=10.0.0"
      }
    },
    "node_modules/styled-jsx": {
      "version": "5.1.1",
      "resolved": "https://registry.npmjs.org/styled-jsx/-/styled-jsx-5.1.1.tgz",
      "integrity": "sha512-pW7uC1l4mBZ8ugbiZrcIsiIvVx1UmTfw7UkC3Um2tmfUq9Bhk8IiyEIPl6F8agHgjzku6j0xQEZbfA5uSgSaCw==",
      "license": "MIT",
      "dependencies": {
        "client-only": "0.0.1"
      },
      "engines": {
        "node": ">= 12.0.0"
      },
      "peerDependencies": {
        "react": ">= 16.8.0 || 17.x.x || ^18.0.0-0"
      },
      "peerDependenciesMeta": {
        "@babel/core": {
          "optional": true
        },
        "babel-plugin-macros": {
          "optional": true
        }
      }
    },
    "node_modules/tailwindcss": {
      "resolved": "../../../../../../../pnpm_root/node_modules/.pnpm/tailwindcss@3.4.13_ts-node@10.9.2_@types+node@20.14.11_typescript@5.5.3_/node_modules/tailwindcss",
      "link": true
    },
    "node_modules/tslib": {
      "version": "2.8.1",
      "resolved": "https://registry.npmjs.org/tslib/-/tslib-2.8.1.tgz",
      "integrity": "sha512-oJFu94HQb+KVduSUQL7wnpmqnfmLsOA/nAh6b6EH0wCEoK0/mPeXU6c3wKDV83MkOuHPRHtSXKKU99IBazS/2w==",
      "license": "0BSD"
    },
    "node_modules/typescript": {
      "resolved": "../../../../../../../pnpm_root/node_modules/.pnpm/typescript@5.5.3/node_modules/typescript",
      "link": true
    },
    "node_modules/zustand": {
      "resolved": "../../../../../../../pnpm_root/node_modules/.pnpm/zustand@4.5.5_@types+react@18.3.3_immer@10.1.1_react@18.3.1/node_modules/zustand",
      "link": true
    }
  }
}
